
Microsoft Visual Studio Solution File, Format Version 10.00
# Visual Studio 2008
Project("{FAE04EC0-301F-11D3-BF4B-00C04F79EFBC}") = "MoodSwingGame", "MoodSwingGame.csproj", "{F1FC1C64-C11B-441C-898F-E090999A4B67}"
	ProjectSection(ProjectDependencies) = postProject
		{E368BC1E-D0C7-4FFF-9629-181506F33CAB} = {E368BC1E-D0C7-4FFF-9629-181506F33CAB}
		{DA3A38B2-9C1F-4046-B53F-BE3244A60B4F} = {DA3A38B2-9C1F-4046-B53F-BE3244A60B4F}
	EndProjectSection
EndProject
Project("{FAE04EC0-301F-11D3-BF4B-00C04F79EFBC}") = "MoodSwingGUI", "..\MoodSwingGUI\MoodSwingGUI.csproj", "{26219BC2-2F42-4C55-961D-BC6516AC90B7}"
	ProjectSection(ProjectDependencies) = postProject
		{E368BC1E-D0C7-4FFF-9629-181506F33CAB} = {E368BC1E-D0C7-4FFF-9629-181506F33CAB}
	EndProjectSection
EndProject
Project("{FAE04EC0-301F-11D3-BF4B-00C04F79EFBC}") = "MoodSwingCoreComponents", "..\MoodSwingCoreComponents\MoodSwingCoreComponents.csproj", "{E368BC1E-D0C7-4FFF-9629-181506F33CAB}"
EndProject
Project("{FAE04EC0-301F-11D3-BF4B-00C04F79EFBC}") = "MoodSwingLevelContentPipelineExtension", "..\MoodSwingLevelContentPipelineExtension\MoodSwingLevelContentPipelineExtension.csproj", "{DA3A38B2-9C1F-4046-B53F-BE3244A60B4F}"
EndProject
Project("{FAE04EC0-301F-11D3-BF4B-00C04F79EFBC}") = "Central", "..\..\..\..\..\Program Files\Tom Shane\Neoforce Controls\Source\Central\Central.csproj", "{0B250074-9AE8-40D0-B84B-A6587A098AFB}"
EndProject
Global
	GlobalSection(SolutionConfigurationPlatforms) = preSolution
		Debug|x86 = Debug|x86
		Debug|Xbox 360 = Debug|Xbox 360
		Debug|Zune = Debug|Zune
		Release|x86 = Release|x86
		Release|Xbox 360 = Release|Xbox 360
		Release|Zune = Release|Zune
	EndGlobalSection
	GlobalSection(ProjectConfigurationPlatforms) = postSolution
		{F1FC1C64-C11B-441C-898F-E090999A4B67}.Debug|x86.ActiveCfg = Debug|x86
		{F1FC1C64-C11B-441C-898F-E090999A4B67}.Debug|x86.Build.0 = Debug|x86
		{F1FC1C64-C11B-441C-898F-E090999A4B67}.Debug|Xbox 360.ActiveCfg = Debug|x86
		{F1FC1C64-C11B-441C-898F-E090999A4B67}.Debug|Zune.ActiveCfg = Debug|x86
		{F1FC1C64-C11B-441C-898F-E090999A4B67}.Release|x86.ActiveCfg = Release|x86
		{F1FC1C64-C11B-441C-898F-E090999A4B67}.Release|x86.Build.0 = Release|x86
		{F1FC1C64-C11B-441C-898F-E090999A4B67}.Release|Xbox 360.ActiveCfg = Release|x86
		{F1FC1C64-C11B-441C-898F-E090999A4B67}.Release|Zune.ActiveCfg = Release|x86
		{26219BC2-2F42-4C55-961D-BC6516AC90B7}.Debug|x86.ActiveCfg = Debug|x86
		{26219BC2-2F42-4C55-961D-BC6516AC90B7}.Debug|x86.Build.0 = Debug|x86
		{26219BC2-2F42-4C55-961D-BC6516AC90B7}.Debug|Xbox 360.ActiveCfg = Debug|x86
		{26219BC2-2F42-4C55-961D-BC6516AC90B7}.Debug|Zune.ActiveCfg = Debug|x86
		{26219BC2-2F42-4C55-961D-BC6516AC90B7}.Release|x86.ActiveCfg = Release|x86
		{26219BC2-2F42-4C55-961D-BC6516AC90B7}.Release|x86.Build.0 = Release|x86
		{26219BC2-2F42-4C55-961D-BC6516AC90B7}.Release|Xbox 360.ActiveCfg = Release|x86
		{26219BC2-2F42-4C55-961D-BC6516AC90B7}.Release|Zune.ActiveCfg = Release|x86
		{E368BC1E-D0C7-4FFF-9629-181506F33CAB}.Debug|x86.ActiveCfg = Debug|x86
		{E368BC1E-D0C7-4FFF-9629-181506F33CAB}.Debug|x86.Build.0 = Debug|x86
		{E368BC1E-D0C7-4FFF-9629-181506F33CAB}.Debug|Xbox 360.ActiveCfg = Debug|x86
		{E368BC1E-D0C7-4FFF-9629-181506F33CAB}.Debug|Zune.ActiveCfg = Debug|x86
		{E368BC1E-D0C7-4FFF-9629-181506F33CAB}.Release|x86.ActiveCfg = Release|x86
		{E368BC1E-D0C7-4FFF-9629-181506F33CAB}.Release|x86.Build.0 = Release|x86
		{E368BC1E-D0C7-4FFF-9629-181506F33CAB}.Release|Xbox 360.ActiveCfg = Release|x86
		{E368BC1E-D0C7-4FFF-9629-181506F33CAB}.Release|Zune.ActiveCfg = Release|x86
		{DA3A38B2-9C1F-4046-B53F-BE3244A60B4F}.Debug|x86.ActiveCfg = Debug|x86
		{DA3A38B2-9C1F-4046-B53F-BE3244A60B4F}.Debug|x86.Build.0 = Debug|x86
		{DA3A38B2-9C1F-4046-B53F-BE3244A60B4F}.Debug|Xbox 360.ActiveCfg = Debug|Xbox 360
		{DA3A38B2-9C1F-4046-B53F-BE3244A60B4F}.Debug|Xbox 360.Build.0 = Debug|Xbox 360
		{DA3A38B2-9C1F-4046-B53F-BE3244A60B4F}.Debug|Zune.ActiveCfg = Debug|Zune
		{DA3A38B2-9C1F-4046-B53F-BE3244A60B4F}.Debug|Zune.Build.0 = Debug|Zune
		{DA3A38B2-9C1F-4046-B53F-BE3244A60B4F}.Release|x86.ActiveCfg = Release|x86
		{DA3A38B2-9C1F-4046-B53F-BE3244A60B4F}.Release|x86.Build.0 = Release|x86
		{DA3A38B2-9C1F-4046-B53F-BE3244A60B4F}.Release|Xbox 360.ActiveCfg = Release|Xbox 360
		{DA3A38B2-9C1F-4046-B53F-BE3244A60B4F}.Release|Xbox 360.Build.0 = Release|Xbox 360
		{DA3A38B2-9C1F-4046-B53F-BE3244A60B4F}.Release|Zune.ActiveCfg = Release|Zune
		{DA3A38B2-9C1F-4046-B53F-BE3244A60B4F}.Release|Zune.Build.0 = Release|Zune
		{BC9D1B9A-53A1-4736-B649-B68C4C20F7EB}.Debug|x86.ActiveCfg = Debug|x86
		{BC9D1B9A-53A1-4736-B649-B68C4C20F7EB}.Debug|Xbox 360.ActiveCfg = Debug|x86
		{BC9D1B9A-53A1-4736-B649-B68C4C20F7EB}.Debug|Zune.ActiveCfg = Debug|x86
		{BC9D1B9A-53A1-4736-B649-B68C4C20F7EB}.Release|x86.ActiveCfg = Release|x86
		{BC9D1B9A-53A1-4736-B649-B68C4C20F7EB}.Release|Xbox 360.ActiveCfg = Release|x86
		{BC9D1B9A-53A1-4736-B649-B68C4C20F7EB}.Release|Zune.ActiveCfg = Release|x86
		{4187668E-4D1E-4C46-906B-2580CE293461}.Debug|x86.ActiveCfg = Debug|x86
		{4187668E-4D1E-4C46-906B-2580CE293461}.Debug|Xbox 360.ActiveCfg = Debug|x86
		{4187668E-4D1E-4C46-906B-2580CE293461}.Debug|Zune.ActiveCfg = Debug|x86
		{4187668E-4D1E-4C46-906B-2580CE293461}.Release|x86.ActiveCfg = Release|x86
		{4187668E-4D1E-4C46-906B-2580CE293461}.Release|Xbox 360.ActiveCfg = Release|x86
		{4187668E-4D1E-4C46-906B-2580CE293461}.Release|Zune.ActiveCfg = Release|x86
		{B7C78280-C812-4373-A5A5-8A30B5682446}.Debug|x86.ActiveCfg = Debug|x86
		{B7C78280-C812-4373-A5A5-8A30B5682446}.Debug|Xbox 360.ActiveCfg = Debug|x86
		{B7C78280-C812-4373-A5A5-8A30B5682446}.Debug|Zune.ActiveCfg = Debug|x86
		{B7C78280-C812-4373-A5A5-8A30B5682446}.Release|x86.ActiveCfg = Release|x86
		{B7C78280-C812-4373-A5A5-8A30B5682446}.Release|Xbox 360.ActiveCfg = Release|x86
		{B7C78280-C812-4373-A5A5-8A30B5682446}.Release|Zune.ActiveCfg = Release|x86
		{0B250074-9AE8-40D0-B84B-A6587A098AFB}.Debug|x86.ActiveCfg = Debug|x86
		{0B250074-9AE8-40D0-B84B-A6587A098AFB}.Debug|x86.Build.0 = Debug|x86
		{0B250074-9AE8-40D0-B84B-A6587A098AFB}.Debug|Xbox 360.ActiveCfg = Debug|x86
		{0B250074-9AE8-40D0-B84B-A6587A098AFB}.Debug|Zune.ActiveCfg = Debug|x86
		{0B250074-9AE8-40D0-B84B-A6587A098AFB}.Release|x86.ActiveCfg = Release|x86
		{0B250074-9AE8-40D0-B84B-A6587A098AFB}.Release|x86.Build.0 = Release|x86
		{0B250074-9AE8-40D0-B84B-A6587A098AFB}.Release|Xbox 360.ActiveCfg = Release|x86
		{0B250074-9AE8-40D0-B84B-A6587A098AFB}.Release|Zune.ActiveCfg = Release|x86
		{536F69A2-EDEA-4D12-A8A9-9AEC0AB05538}.Debug|x86.ActiveCfg = Debug|x86
		{536F69A2-EDEA-4D12-A8A9-9AEC0AB05538}.Debug|Xbox 360.ActiveCfg = Debug|x86
		{536F69A2-EDEA-4D12-A8A9-9AEC0AB05538}.Debug|Zune.ActiveCfg = Debug|x86
		{536F69A2-EDEA-4D12-A8A9-9AEC0AB05538}.Release|x86.ActiveCfg = Release|x86
		{536F69A2-EDEA-4D12-A8A9-9AEC0AB05538}.Release|Xbox 360.ActiveCfg = Release|x86
		{536F69A2-EDEA-4D12-A8A9-9AEC0AB05538}.Release|Zune.ActiveCfg = Release|x86
	EndGlobalSection
	GlobalSection(SolutionProperties) = preSolution
		HideSolutionNode = FALSE
	EndGlobalSection
EndGlobal
